
Microsoft Visual Studio Solution File, Format Version 12.00
# Visual Studio 15
VisualStudioVersion = 15.0.28307.539
MinimumVisualStudioVersion = 10.0.40219.1
Project("{FAE04EC0-301F-11D3-BF4B-00C04F79EFBC}") = "PaintProgram", "PaintProgram\PaintProgram.csproj", "{A3926220-DBD5-4BD4-9579-7EFB8B72DB24}"
EndProject
Global
	GlobalSection(SolutionConfigurationPlatforms) = preSolution
		Debug|Any CPU = Debug|Any CPU
		Release|Any CPU = Release|Any CPU
	EndGlobalSection
	GlobalSection(ProjectConfigurationPlatforms) = postSolution
		{A3926220-DBD5-4BD4-9579-7EFB8B72DB24}.Debug|Any CPU.ActiveCfg = Debug|Any CPU
		{A3926220-DBD5-4BD4-9579-7EFB8B72DB24}.Debug|Any CPU.Build.0 = Debug|Any CPU
		{A3926220-DBD5-4BD4-9579-7EFB8B72DB24}.Release|Any CPU.ActiveCfg = Release|Any CPU
		{A3926220-DBD5-4BD4-9579-7EFB8B72DB24}.Release|Any CPU.Build.0 = Release|Any CPU
	EndGlobalSection
	GlobalSection(SolutionProperties) = preSolution
		HideSolutionNode = FALSE
	EndGlobalSection
	GlobalSection(ExtensibilityGlobals) = postSolution
		SolutionGuid = {61AFFE42-5C72-407B-949A-38D9DAFBF0F8}
	EndGlobalSection
EndGlobal
